// !$*UTF8*$!
{
	archiveVersion = 1;
	classes = {
	};
	objectVersion = 46;
	objects = {

/* Begin PBXBuildFile section */
		8BBD04A51E290E8500763C10 /* AppDelegate.swift in Sources */ = {isa = PBXBuildFile; fileRef = 8BBD04A41E290E8500763C10 /* AppDelegate.swift */; };
		8BBD04A71E290E8500763C10 /* ViewController.swift in Sources */ = {isa = PBXBuildFile; fileRef = 8BBD04A61E290E8500763C10 /* ViewController.swift */; };
		8BBD04AA1E290E8500763C10 /* Main.storyboard in Resources */ = {isa = PBXBuildFile; fileRef = 8BBD04A81E290E8500763C10 /* Main.storyboard */; };
		8BBD04AC1E290E8500763C10 /* Assets.xcassets in Resources */ = {isa = PBXBuildFile; fileRef = 8BBD04AB1E290E8500763C10 /* Assets.xcassets */; };
		8BBD04AF1E290E8500763C10 /* LaunchScreen.storyboard in Resources */ = {isa = PBXBuildFile; fileRef = 8BBD04AD1E290E8500763C10 /* LaunchScreen.storyboard */; };
		8BBD04BA1E290E8500763C10 /* testTests.swift in Sources */ = {isa = PBXBuildFile; fileRef = 8BBD04B91E290E8500763C10 /* testTests.swift */; };
		8BBD04C51E290E8500763C10 /* testUITests.swift in Sources */ = {isa = PBXBuildFile; fileRef = 8BBD04C41E290E8500763C10 /* testUITests.swift */; };
/* End PBXBuildFile section */

/* Begin PBXContainerItemProxy section */
		8BBD04B61E290E8500763C10 /* PBXContainerItemProxy */ = {
			isa = PBXContainerItemProxy;
			containerPortal = 8BBD04991E290E8500763C10 /* Project object */;
			proxyType = 1;
			remoteGlobalIDString = 8BBD04A01E290E8500763C10;
			remoteInfo = test;
		};
		8BBD04C11E290E8500763C10 /* PBXContainerItemProxy */ = {
			isa = PBXContainerItemProxy;
			containerPortal = 8BBD04991E290E8500763C10 /* Project object */;
			proxyType = 1;
			remoteGlobalIDString = 8BBD04A01E290E8500763C10;
			remoteInfo = test;
		};
/* End PBXContainerItemProxy section */

/* Begin PBXFileReference section */
		8BBD04A11E290E8500763C10 /* test.app */ = {isa = PBXFileReference; explicitFileType = wrapper.application; includeInIndex = 0; path = test.app; sourceTree = BUILT_PRODUCTS_DIR; };
		8BBD04A41E290E8500763C10 /* AppDelegate.swift */ = {isa = PBXFileReference; lastKnownFileType = sourcecode.swift; path = AppDelegate.swift; sourceTree = "<group>"; };
		8BBD04A61E290E8500763C10 /* ViewController.swift */ = {isa = PBXFileReference; lastKnownFileType = sourcecode.swift; path = ViewController.swift; sourceTree = "<group>"; };
		8BBD04A91E290E8500763C10 /* Base */ = {isa = PBXFileReference; lastKnownFileType = file.storyboard; name = Base; path = Base.lproj/Main.storyboard; sourceTree = "<group>"; };
		8BBD04AB1E290E8500763C10 /* Assets.xcassets */ = {isa = PBXFileReference; lastKnownFileType = folder.assetcatalog; path = Assets.xcassets; sourceTree = "<group>"; };
		8BBD04AE1E290E8500763C10 /* Base */ = {isa = PBXFileReference; lastKnownFileType = file.storyboard; name = Base; path = Base.lproj/LaunchScreen.storyboard; sourceTree = "<group>"; };
		8BBD04B01E290E8500763C10 /* Info.plist */ = {isa = PBXFileReference; lastKnownFileType = text.plist.xml; path = Info.plist; sourceTree = "<group>"; };
		8BBD04B51E290E8500763C10 /* testTests.xctest */ = {isa = PBXFileReference; explicitFileType = wrapper.cfbundle; includeInIndex = 0; path = testTests.xctest; sourceTree = BUILT_PRODUCTS_DIR; };
		8BBD04B91E290E8500763C10 /* testTests.swift */ = {isa = PBXFileReference; lastKnownFileType = sourcecode.swift; path = testTests.swift; sourceTree = "<group>"; };
		8BBD04BB1E290E8500763C10 /* Info.plist */ = {isa = PBXFileReference; lastKnownFileType = text.plist.xml; path = Info.plist; sourceTree = "<group>"; };
		8BBD04C01E290E8500763C10 /* testUITests.xctest */ = {isa = PBXFileReference; explicitFileType = wrapper.cfbundle; includeInIndex = 0; path = testUITests.xctest; sourceTree = BUILT_PRODUCTS_DIR; };
		8BBD04C41E290E8500763C10 /* testUITests.swift */ = {isa = PBXFileReference; lastKnownFileType = sourcecode.swift; path = testUITests.swift; sourceTree = "<group>"; };
		8BBD04C61E290E8500763C10 /* Info.plist */ = {isa = PBXFileReference; lastKnownFileType = text.plist.xml; path = Info.plist; sourceTree = "<group>"; };
/* End PBXFileReference section */

/* Begin PBXFrameworksBuildPhase section */
		8BBD049E1E290E8500763C10 /* Frameworks */ = {
			isa = PBXFrameworksBuildPhase;
			buildActionMask = 2147483647;
			files = (
			);
			runOnlyForDeploymentPostprocessing = 0;
		};
		8BBD04B21E290E8500763C10 /* Frameworks */ = {
			isa = PBXFrameworksBuildPhase;
			buildActionMask = 2147483647;
			files = (
			);
			runOnlyForDeploymentPostprocessing = 0;
		};
		8BBD04BD1E290E8500763C10 /* Frameworks */ = {
			isa = PBXFrameworksBuildPhase;
			buildActionMask = 2147483647;
			files = (
			);
			runOnlyForDeploymentPostprocessing = 0;
		};
/* End PBXFrameworksBuildPhase section */

/* Begin PBXGroup section */
		8BBD04981E290E8500763C10 = {
			isa = PBXGroup;
			children = (
				8BBD04A31E290E8500763C10 /* test */,
				8BBD04B81E290E8500763C10 /* testTests */,
				8BBD04C31E290E8500763C10 /* testUITests */,
				8BBD04A21E290E8500763C10 /* Products */,
			);
			sourceTree = "<group>";
		};
		8BBD04A21E290E8500763C10 /* Products */ = {
			isa = PBXGroup;
			children = (
				8BBD04A11E290E8500763C10 /* test.app */,
				8BBD04B51E290E8500763C10 /* testTests.xctest */,
				8BBD04C01E290E8500763C10 /* testUITests.xctest */,
			);
			name = Products;
			sourceTree = "<group>";
		};
		8BBD04A31E290E8500763C10 /* test */ = {
			isa = PBXGroup;
			children = (
				8BBD04A41E290E8500763C10 /* AppDelegate.swift */,
				8BBD04A61E290E8500763C10 /* ViewController.swift */,
				8BBD04A81E290E8500763C10 /* Main.storyboard */,
				8BBD04AB1E290E8500763C10 /* Assets.xcassets */,
				8BBD04AD1E290E8500763C10 /* LaunchScreen.storyboard */,
				8BBD04B01E290E8500763C10 /* Info.plist */,
			);
			path = test;
			sourceTree = "<group>";
		};
		8BBD04B81E290E8500763C10 /* testTests */ = {
			isa = PBXGroup;
			children = (
				8BBD04B91E290E8500763C10 /* testTests.swift */,
				8BBD04BB1E290E8500763C10 /* Info.plist */,
			);
			path = testTests;
			sourceTree = "<group>";
		};
		8BBD04C31E290E8500763C10 /* testUITests */ = {
			isa = PBXGroup;
			children = (
				8BBD04C41E290E8500763C10 /* testUITests.swift */,
				8BBD04C61E290E8500763C10 /* Info.plist */,
			);
			path = testUITests;
			sourceTree = "<group>";
		};
/* End PBXGroup section */

/* Begin PBXNativeTarget section */
		8BBD04A01E290E8500763C10 /* test */ = {
			isa = PBXNativeTarget;
			buildConfigurationList = 8BBD04C91E290E8500763C10 /* Build configuration list for PBXNativeTarget "test" */;
			buildPhases = (
				8BBD049D1E290E8500763C10 /* Sources */,
				8BBD049E1E290E8500763C10 /* Frameworks */,
				8BBD049F1E290E8500763C10 /* Resources */,
			);
			buildRules = (
			);
			dependencies = (
			);
			name = test;
			productName = test;
			productReference = 8BBD04A11E290E8500763C10 /* test.app */;
			productType = "com.apple.product-type.application";
		};
		8BBD04B41E290E8500763C10 /* testTests */ = {
			isa = PBXNativeTarget;
			buildConfigurationList = 8BBD04CC1E290E8500763C10 /* Build configuration list for PBXNativeTarget "testTests" */;
			buildPhases = (
				8BBD04B11E290E8500763C10 /* Sources */,
				8BBD04B21E290E8500763C10 /* Frameworks */,
				8BBD04B31E290E8500763C10 /* Resources */,
			);
			buildRules = (
			);
			dependencies = (
				8BBD04B71E290E8500763C10 /* PBXTargetDependency */,
			);
			name = testTests;
			productName = testTests;
			productReference = 8BBD04B51E290E8500763C10 /* testTests.xctest */;
			productType = "com.apple.product-type.bundle.unit-test";
		};
		8BBD04BF1E290E8500763C10 /* testUITests */ = {
			isa = PBXNativeTarget;
			buildConfigurationList = 8BBD04CF1E290E8500763C10 /* Build configuration list for PBXNativeTarget "testUITests" */;
			buildPhases = (
				8BBD04BC1E290E8500763C10 /* Sources */,
				8BBD04BD1E290E8500763C10 /* Frameworks */,
				8BBD04BE1E290E8500763C10 /* Resources */,
			);
			buildRules = (
			);
			dependencies = (
				8BBD04C21E290E8500763C10 /* PBXTargetDependency */,
			);
			name = testUITests;
			productName = testUITests;
			productReference = 8BBD04C01E290E8500763C10 /* testUITests.xctest */;
			productType = "com.apple.product-type.bundle.ui-testing";
		};
/* End PBXNativeTarget section */

/* Begin PBXProject section */
		8BBD04991E290E8500763C10 /* Project object */ = {
			isa = PBXProject;
			attributes = {
				LastSwiftUpdateCheck = 0730;
				LastUpgradeCheck = 0730;
				ORGANIZATIONNAME = "Stagiare 2";
				TargetAttributes = {
					8BBD04A01E290E8500763C10 = {
						CreatedOnToolsVersion = 7.3.1;
						LastSwiftMigration = 0820;
					};
					8BBD04B41E290E8500763C10 = {
						CreatedOnToolsVersion = 7.3.1;
						LastSwiftMigration = 0820;
						TestTargetID = 8BBD04A01E290E8500763C10;
					};
					8BBD04BF1E290E8500763C10 = {
						CreatedOnToolsVersion = 7.3.1;
						LastSwiftMigration = 0820;
						TestTargetID = 8BBD04A01E290E8500763C10;
					};
				};
			};
			buildConfigurationList = 8BBD049C1E290E8500763C10 /* Build configuration list for PBXProject "test" */;
			compatibilityVersion = "Xcode 3.2";
			developmentRegion = English;
			hasScannedForEncodings = 0;
			knownRegions = (
				en,
				Base,
			);
			mainGroup = 8BBD04981E290E8500763C10;
			productRefGroup = 8BBD04A21E290E8500763C10 /* Products */;
			projectDirPath = "";
			projectRoot = "";
			targets = (
				8BBD04A01E290E8500763C10 /* test */,
				8BBD04B41E290E8500763C10 /* testTests */,
				8BBD04BF1E290E8500763C10 /* testUITests */,
			);
		};
/* End PBXProject section */

/* Begin PBXResourcesBuildPhase section */
		8BBD049F1E290E8500763C10 /* Resources */ = {
			isa = PBXResourcesBuildPhase;
			buildActionMask = 2147483647;
			files = (
				8BBD04AF1E290E8500763C10 /* LaunchScreen.storyboard in Resources */,
				8BBD04AC1E290E8500763C10 /* Assets.xcassets in Resources */,
				8BBD04AA1E290E8500763C10 /* Main.storyboard in Resources */,
			);
			runOnlyForDeploymentPostprocessing = 0;
		};
		8BBD04B31E290E8500763C10 /* Resources */ = {
			isa = PBXResourcesBuildPhase;
			buildActionMask = 2147483647;
			files = (
			);
			runOnlyForDeploymentPostprocessing = 0;
		};
		8BBD04BE1E290E8500763C10 /* Resources */ = {
			isa = PBXResourcesBuildPhase;
			buildActionMask = 2147483647;
			files = (
			);
			runOnlyForDeploymentPostprocessing = 0;
		};
/* End PBXResourcesBuildPhase section */

/* Begin PBXSourcesBuildPhase section */
		8BBD049D1E290E8500763C10 /* Sources */ = {
			isa = PBXSourcesBuildPhase;
			buildActionMask = 2147483647;
			files = (
				8BBD04A71E290E8500763C10 /* ViewController.swift in Sources */,
				8BBD04A51E290E8500763C10 /* AppDelegate.swift in Sources */,
			);
			runOnlyForDeploymentPostprocessing = 0;
		};
		8BBD04B11E290E8500763C10 /* Sources */ = {
			isa = PBXSourcesBuildPhase;
			buildActionMask = 2147483647;
			files = (
				8BBD04BA1E290E8500763C10 /* testTests.swift in Sources */,
			);
			runOnlyForDeploymentPostprocessing = 0;
		};
		8BBD04BC1E290E8500763C10 /* Sources */ = {
			isa = PBXSourcesBuildPhase;
			buildActionMask = 2147483647;
			files = (
				8BBD04C51E290E8500763C10 /* testUITests.swift in Sources */,
			);
			runOnlyForDeploymentPostprocessing = 0;
		};
/* End PBXSourcesBuildPhase section */

/* Begin PBXTargetDependency section */
		8BBD04B71E290E8500763C10 /* PBXTargetDependency */ = {
			isa = PBXTargetDependency;
			target = 8BBD04A01E290E8500763C10 /* test */;
			targetProxy = 8BBD04B61E290E8500763C10 /* PBXContainerItemProxy */;
		};
		8BBD04C21E290E8500763C10 /* PBXTargetDependency */ = {
			isa = PBXTargetDependency;
			target = 8BBD04A01E290E8500763C10 /* test */;
			targetProxy = 8BBD04C11E290E8500763C10 /* PBXContainerItemProxy */;
		};
/* End PBXTargetDependency section */

/* Begin PBXVariantGroup section */
		8BBD04A81E290E8500763C10 /* Main.storyboard */ = {
			isa = PBXVariantGroup;
			children = (
				8BBD04A91E290E8500763C10 /* Base */,
			);
			name = Main.storyboard;
			sourceTree = "<group>";
		};
		8BBD04AD1E290E8500763C10 /* LaunchScreen.storyboard */ = {
			isa = PBXVariantGroup;
			children = (
				8BBD04AE1E290E8500763C10 /* Base */,
			);
			name = LaunchScreen.storyboard;
			sourceTree = "<group>";
		};
/* End PBXVariantGroup section */

/* Begin XCBuildConfiguration section */
		8BBD04C71E290E8500763C10 /* Debug */ = {
			isa = XCBuildConfiguration;
			buildSettings = {
				ALWAYS_SEARCH_USER_PATHS = NO;
				CLANG_ANALYZER_NONNULL = YES;
				CLANG_CXX_LANGUAGE_STANDARD = "gnu++0x";
				CLANG_CXX_LIBRARY = "libc++";
				CLANG_ENABLE_MODULES = YES;
				CLANG_ENABLE_OBJC_ARC = YES;
				CLANG_WARN_BOOL_CONVERSION = YES;
				CLANG_WARN_CONSTANT_CONVERSION = YES;
				CLANG_WARN_DIRECT_OBJC_ISA_USAGE = YES_ERROR;
				CLANG_WARN_EMPTY_BODY = YES;
				CLANG_WARN_ENUM_CONVERSION = YES;
				CLANG_WARN_INT_CONVERSION = YES;
				CLANG_WARN_OBJC_ROOT_CLASS = YES_ERROR;
				CLANG_WARN_UNREACHABLE_CODE = YES;
				CLANG_WARN__DUPLICATE_METHOD_MATCH = YES;
				"CODE_SIGN_IDENTITY[sdk=iphoneos*]" = "iPhone Developer";
				COPY_PHASE_STRIP = NO;
				DEBUG_INFORMATION_FORMAT = dwarf;
				ENABLE_STRICT_OBJC_MSGSEND = YES;
				ENABLE_TESTABILITY = YES;
				GCC_C_LANGUAGE_STANDARD = gnu99;
				GCC_DYNAMIC_NO_PIC = NO;
				GCC_NO_COMMON_BLOCKS = YES;
				GCC_OPTIMIZATION_LEVEL = 0;
				GCC_PREPROCESSOR_DEFINITIONS = (
					"DEBUG=1",
					"$(inherited)",
				);
				GCC_WARN_64_TO_32_BIT_CONVERSION = YES;
				GCC_WARN_ABOUT_RETURN_TYPE = YES_ERROR;
				GCC_WARN_UNDECLARED_SELECTOR = YES;
				GCC_WARN_UNINITIALIZED_AUTOS = YES_AGGRESSIVE;
				GCC_WARN_UNUSED_FUNCTION = YES;
				GCC_WARN_UNUSED_VARIABLE = YES;
				IPHONEOS_DEPLOYMENT_TARGET = 9.3;
				MTL_ENABLE_DEBUG_INFO = YES;
				ONLY_ACTIVE_ARCH = YES;
				SDKROOT = iphoneos;
				SWIFT_OPTIMIZATION_LEVEL = "-Onone";
				TARGETED_DEVICE_FAMILY = "1,2";
			};
			name = Debug;
		};
		8BBD04C81E290E8500763C10 /* Release */ = {
			isa = XCBuildConfiguration;
			buildSettings = {
				ALWAYS_SEARCH_USER_PATHS = NO;
				CLANG_ANALYZER_NONNULL = YES;
				CLANG_CXX_LANGUAGE_STANDARD = "gnu++0x";
				CLANG_CXX_LIBRARY = "libc++";
				CLANG_ENABLE_MODULES = YES;
				CLANG_ENABLE_OBJC_ARC = YES;
				CLANG_WARN_BOOL_CONVERSION = YES;
				CLANG_WARN_CONSTANT_CONVERSION = YES;
				CLANG_WARN_DIRECT_OBJC_ISA_USAGE = YES_ERROR;
				CLANG_WARN_EMPTY_BODY = YES;
				CLANG_WARN_ENUM_CONVERSION = YES;
				CLANG_WARN_INT_CONVERSION = YES;
				CLANG_WARN_OBJC_ROOT_CLASS = YES_ERROR;
				CLANG_WARN_UNREACHABLE_CODE = YES;
				CLANG_WARN__DUPLICATE_METHOD_MATCH = YES;
				"CODE_SIGN_IDENTITY[sdk=iphoneos*]" = "iPhone Developer";
				COPY_PHASE_STRIP = NO;
				DEBUG_INFORMATION_FORMAT = "dwarf-with-dsym";
				ENABLE_NS_ASSERTIONS = NO;
				ENABLE_STRICT_OBJC_MSGSEND = YES;
				GCC_C_LANGUAGE_STANDARD = gnu99;
				GCC_NO_COMMON_BLOCKS = YES;
				GCC_WARN_64_TO_32_BIT_CONVERSION = YES;
				GCC_WARN_ABOUT_RETURN_TYPE = YES_ERROR;
				GCC_WARN_UNDECLARED_SELECTOR = YES;
				GCC_WARN_UNINITIALIZED_AUTOS = YES_AGGRESSIVE;
				GCC_WARN_UNUSED_FUNCTION = YES;
				GCC_WARN_UNUSED_VARIABLE = YES;
				IPHONEOS_DEPLOYMENT_TARGET = 9.3;
				MTL_ENABLE_DEBUG_INFO = NO;
				SDKROOT = iphoneos;
				TARGETED_DEVICE_FAMILY = "1,2";
				VALIDATE_PRODUCT = YES;
			};
			name = Release;
		};
		8BBD04CA1E290E8500763C10 /* Debug */ = {
			isa = XCBuildConfiguration;
			buildSettings = {
				ASSETCATALOG_COMPILER_APPICON_NAME = AppIcon;
				INFOPLIST_FILE = test/Info.plist;
				LD_RUNPATH_SEARCH_PATHS = "$(inherited) @executable_path/Frameworks";
				PRODUCT_BUNDLE_IDENTIFIER = test.test;
				PRODUCT_NAME = "$(TARGET_NAME)";
				SWIFT_VERSION = 3.0;
			};
			name = Debug;
		};
		8BBD04CB1E290E8500763C10 /* Release */ = {
			isa = XCBuildConfiguration;
			buildSettings = {
				ASSETCATALOG_COMPILER_APPICON_NAME = AppIcon;
				INFOPLIST_FILE = test/Info.plist;
				LD_RUNPATH_SEARCH_PATHS = "$(inherited) @executable_path/Frameworks";
				PRODUCT_BUNDLE_IDENTIFIER = test.test;
				PRODUCT_NAME = "$(TARGET_NAME)";
				SWIFT_VERSION = 3.0;
			};
			name = Release;
		};
		8BBD04CD1E290E8500763C10 /* Debug */ = {
			isa = XCBuildConfiguration;
			buildSettings = {
				BUNDLE_LOADER = "$(TEST_HOST)";
				INFOPLIST_FILE = testTests/Info.plist;
				LD_RUNPATH_SEARCH_PATHS = "$(inherited) @executable_path/Frameworks @loader_path/Frameworks";
				PRODUCT_BUNDLE_IDENTIFIER = test.testTests;
				PRODUCT_NAME = "$(TARGET_NAME)";
				SWIFT_VERSION = 3.0;
				TEST_HOST = "$(BUILT_PRODUCTS_DIR)/test.app/test";
			};
			name = Debug;
		};
		8BBD04CE1E290E8500763C10 /* Release */ = {
			isa = XCBuildConfiguration;
			buildSettings = {
				BUNDLE_LOADER = "$(TEST_HOST)";
				INFOPLIST_FILE = testTests/Info.plist;
				LD_RUNPATH_SEARCH_PATHS = "$(inherited) @executable_path/Frameworks @loader_path/Frameworks";
				PRODUCT_BUNDLE_IDENTIFIER = test.testTests;
				PRODUCT_NAME = "$(TARGET_NAME)";
				SWIFT_VERSION = 3.0;
				TEST_HOST = "$(BUILT_PRODUCTS_DIR)/test.app/test";
			};
			name = Release;
		};
		8BBD04D01E290E8500763C10 /* Debug */ = {
			isa = XCBuildConfiguration;
			buildSettings = {
				INFOPLIST_FILE = testUITests/Info.plist;
				LD_RUNPATH_SEARCH_PATHS = "$(inherited) @executable_path/Frameworks @loader_path/Frameworks";
				PRODUCT_BUNDLE_IDENTIFIER = test.testUITests;
				PRODUCT_NAME = "$(TARGET_NAME)";
				SWIFT_VERSION = 3.0;
				TEST_TARGET_NAME = test;
			};
			name = Debug;
		};
		8BBD04D11E290E8500763C10 /* Release */ = {
			isa = XCBuildConfiguration;
			buildSettings = {
				INFOPLIST_FILE = testUITests/Info.plist;
				LD_RUNPATH_SEARCH_PATHS = "$(inherited) @executable_path/Frameworks @loader_path/Frameworks";
				PRODUCT_BUNDLE_IDENTIFIER = test.testUITests;
				PRODUCT_NAME = "$(TARGET_NAME)";
				SWIFT_VERSION = 3.0;
				TEST_TARGET_NAME = test;
			};
			name = Release;
		};
/* End XCBuildConfiguration section */

/* Begin XCConfigurationList section */
		8BBD049C1E290E8500763C10 /* Build configuration list for PBXProject "test" */ = {
			isa = XCConfigurationList;
			buildConfigurations = (
				8BBD04C71E290E8500763C10 /* Debug */,
				8BBD04C81E290E8500763C10 /* Release */,
			);
			defaultConfigurationIsVisible = 0;
			defaultConfigurationName = Release;
		};
		8BBD04C91E290E8500763C10 /* Build configuration list for PBXNativeTarget "test" */ = {
			isa = XCConfigurationList;
			buildConfigurations = (
				8BBD04CA1E290E8500763C10 /* Debug */,
				8BBD04CB1E290E8500763C10 /* Release */,
			);
			defaultConfigurationIsVisible = 0;
			defaultConfigurationName = Release;
		};
		8BBD04CC1E290E8500763C10 /* Build configuration list for PBXNativeTarget "testTests" */ = {
			isa = XCConfigurationList;
			buildConfigurations = (
				8BBD04CD1E290E8500763C10 /* Debug */,
				8BBD04CE1E290E8500763C10 /* Release */,
			);
			defaultConfigurationIsVisible = 0;
			defaultConfigurationName = Release;
		};
		8BBD04CF1E290E8500763C10 /* Build configuration list for PBXNativeTarget "testUITests" */ = {
			isa = XCConfigurationList;
			buildConfigurations = (
				8BBD04D01E290E8500763C10 /* Debug */,
				8BBD04D11E290E8500763C10 /* Release */,
			);
			defaultConfigurationIsVisible = 0;
			defaultConfigurationName = Release;
		};
/* End XCConfigurationList section */
	};
	rootObject = 8BBD04991E290E8500763C10 /* Project object */;
}
